// !$*UTF8*$!
{
	archiveVersion = 1;
	classes = {
	};
	objectVersion = 50;
	objects = {

/* Begin PBXBuildFile section */
		19B7C2BD20FD467800E3D7F4 /* AppDelegate.swift in Sources */ = {isa = PBXBuildFile; fileRef = 19B7C2BC20FD467800E3D7F4 /* AppDelegate.swift */; };
		19B7C2BF20FD467800E3D7F4 /* ViewController.swift in Sources */ = {isa = PBXBuildFile; fileRef = 19B7C2BE20FD467800E3D7F4 /* ViewController.swift */; };
		19B7C2C220FD467800E3D7F4 /* Main.storyboard in Resources */ = {isa = PBXBuildFile; fileRef = 19B7C2C020FD467800E3D7F4 /* Main.storyboard */; };
		19B7C2C420FD467C00E3D7F4 /* Assets.xcassets in Resources */ = {isa = PBXBuildFile; fileRef = 19B7C2C320FD467C00E3D7F4 /* Assets.xcassets */; };
		19B7C2C720FD467C00E3D7F4 /* LaunchScreen.storyboard in Resources */ = {isa = PBXBuildFile; fileRef = 19B7C2C520FD467C00E3D7F4 /* LaunchScreen.storyboard */; };
		19B7C2CF20FD46F900E3D7F4 /* Login.storyboard in Resources */ = {isa = PBXBuildFile; fileRef = 19B7C2CE20FD46F900E3D7F4 /* Login.storyboard */; };
		19B7C2D120FD475F00E3D7F4 /* LoginViewController.swift in Sources */ = {isa = PBXBuildFile; fileRef = 19B7C2D020FD475F00E3D7F4 /* LoginViewController.swift */; };
		19B7C2D320FE973B00E3D7F4 /* GoogleService-Info.plist in Resources */ = {isa = PBXBuildFile; fileRef = 19B7C2D220FE973A00E3D7F4 /* GoogleService-Info.plist */; };
		19B7C2D720FEA24000E3D7F4 /* User.swift in Sources */ = {isa = PBXBuildFile; fileRef = 19B7C2D620FEA24000E3D7F4 /* User.swift */; };
		19DB5CB620FEB7AE007F64D2 /* CreateAccountViewController.swift in Sources */ = {isa = PBXBuildFile; fileRef = 19DB5CB520FEB7AE007F64D2 /* CreateAccountViewController.swift */; };
		19DB5CB820FFEDA6007F64D2 /* UserService.swift in Sources */ = {isa = PBXBuildFile; fileRef = 19DB5CB720FFEDA6007F64D2 /* UserService.swift */; };
		5DE513E8AFACDE37CE14999D /* Pods_hackathonProject.framework in Frameworks */ = {isa = PBXBuildFile; fileRef = 23957E5D10209F0AAEADAB92 /* Pods_hackathonProject.framework */; };
/* End PBXBuildFile section */

/* Begin PBXFileReference section */
		1025882F5B799EAD65B73BDE /* Pods-hackathonProject.debug.xcconfig */ = {isa = PBXFileReference; includeInIndex = 1; lastKnownFileType = text.xcconfig; name = "Pods-hackathonProject.debug.xcconfig"; path = "Pods/Target Support Files/Pods-hackathonProject/Pods-hackathonProject.debug.xcconfig"; sourceTree = "<group>"; };
		19B7C2B920FD467800E3D7F4 /* hackathonProject.app */ = {isa = PBXFileReference; explicitFileType = wrapper.application; includeInIndex = 0; path = hackathonProject.app; sourceTree = BUILT_PRODUCTS_DIR; };
		19B7C2BC20FD467800E3D7F4 /* AppDelegate.swift */ = {isa = PBXFileReference; lastKnownFileType = sourcecode.swift; path = AppDelegate.swift; sourceTree = "<group>"; };
		19B7C2BE20FD467800E3D7F4 /* ViewController.swift */ = {isa = PBXFileReference; lastKnownFileType = sourcecode.swift; path = ViewController.swift; sourceTree = "<group>"; };
		19B7C2C120FD467800E3D7F4 /* Base */ = {isa = PBXFileReference; lastKnownFileType = file.storyboard; name = Base; path = Base.lproj/Main.storyboard; sourceTree = "<group>"; };
		19B7C2C320FD467C00E3D7F4 /* Assets.xcassets */ = {isa = PBXFileReference; lastKnownFileType = folder.assetcatalog; path = Assets.xcassets; sourceTree = "<group>"; };
		19B7C2C620FD467C00E3D7F4 /* Base */ = {isa = PBXFileReference; lastKnownFileType = file.storyboard; name = Base; path = Base.lproj/LaunchScreen.storyboard; sourceTree = "<group>"; };
		19B7C2C820FD467C00E3D7F4 /* Info.plist */ = {isa = PBXFileReference; lastKnownFileType = text.plist.xml; path = Info.plist; sourceTree = "<group>"; };
		19B7C2CE20FD46F900E3D7F4 /* Login.storyboard */ = {isa = PBXFileReference; lastKnownFileType = file.storyboard; path = Login.storyboard; sourceTree = "<group>"; };
		19B7C2D020FD475F00E3D7F4 /* LoginViewController.swift */ = {isa = PBXFileReference; lastKnownFileType = sourcecode.swift; path = LoginViewController.swift; sourceTree = "<group>"; };
		19B7C2D220FE973A00E3D7F4 /* GoogleService-Info.plist */ = {isa = PBXFileReference; fileEncoding = 4; lastKnownFileType = text.plist.xml; path = "GoogleService-Info.plist"; sourceTree = "<group>"; };
		19B7C2D620FEA24000E3D7F4 /* User.swift */ = {isa = PBXFileReference; lastKnownFileType = sourcecode.swift; path = User.swift; sourceTree = "<group>"; };
		19DB5CB520FEB7AE007F64D2 /* CreateAccountViewController.swift */ = {isa = PBXFileReference; lastKnownFileType = sourcecode.swift; name = CreateAccountViewController.swift; path = hackathonProject/Controllers/CreateAccountViewController.swift; sourceTree = SOURCE_ROOT; };
		19DB5CB720FFEDA6007F64D2 /* UserService.swift */ = {isa = PBXFileReference; lastKnownFileType = sourcecode.swift; path = UserService.swift; sourceTree = "<group>"; };
		23957E5D10209F0AAEADAB92 /* Pods_hackathonProject.framework */ = {isa = PBXFileReference; explicitFileType = wrapper.framework; includeInIndex = 0; path = Pods_hackathonProject.framework; sourceTree = BUILT_PRODUCTS_DIR; };
		6E70AE9A2E2E6E699C4C62C5 /* Pods-hackathonProject.release.xcconfig */ = {isa = PBXFileReference; includeInIndex = 1; lastKnownFileType = text.xcconfig; name = "Pods-hackathonProject.release.xcconfig"; path = "Pods/Target Support Files/Pods-hackathonProject/Pods-hackathonProject.release.xcconfig"; sourceTree = "<group>"; };
/* End PBXFileReference section */

/* Begin PBXFrameworksBuildPhase section */
		19B7C2B620FD467800E3D7F4 /* Frameworks */ = {
			isa = PBXFrameworksBuildPhase;
			buildActionMask = 2147483647;
			files = (
				5DE513E8AFACDE37CE14999D /* Pods_hackathonProject.framework in Frameworks */,
			);
			runOnlyForDeploymentPostprocessing = 0;
		};
/* End PBXFrameworksBuildPhase section */

/* Begin PBXGroup section */
		19B7C2B020FD467800E3D7F4 = {
			isa = PBXGroup;
			children = (
				19B7C2BB20FD467800E3D7F4 /* hackathonProject */,
				19B7C2BA20FD467800E3D7F4 /* Products */,
				A28FF291BCE9684CC0A78A0A /* Pods */,
				9C3A9448CDEA2ABFCA473126 /* Frameworks */,
			);
			sourceTree = "<group>";
		};
		19B7C2BA20FD467800E3D7F4 /* Products */ = {
			isa = PBXGroup;
			children = (
				19B7C2B920FD467800E3D7F4 /* hackathonProject.app */,
			);
			name = Products;
			sourceTree = "<group>";
		};
		19B7C2BB20FD467800E3D7F4 /* hackathonProject */ = {
			isa = PBXGroup;
			children = (
				19B7C2D620FEA24000E3D7F4 /* User.swift */,
				19B7C2D520FE9AD700E3D7F4 /* Controllers */,
				19B7C2D420FE9A0B00E3D7F4 /* Storyboards */,
				19B7C2BC20FD467800E3D7F4 /* AppDelegate.swift */,
				19B7C2D220FE973A00E3D7F4 /* GoogleService-Info.plist */,
				19B7C2C320FD467C00E3D7F4 /* Assets.xcassets */,
				19B7C2C820FD467C00E3D7F4 /* Info.plist */,
				19DB5CB720FFEDA6007F64D2 /* UserService.swift */,
			);
			path = hackathonProject;
			sourceTree = "<group>";
		};
		19B7C2D420FE9A0B00E3D7F4 /* Storyboards */ = {
			isa = PBXGroup;
			children = (
				19B7C2C020FD467800E3D7F4 /* Main.storyboard */,
				19B7C2CE20FD46F900E3D7F4 /* Login.storyboard */,
				19B7C2C520FD467C00E3D7F4 /* LaunchScreen.storyboard */,
			);
			path = Storyboards;
			sourceTree = "<group>";
		};
		19B7C2D520FE9AD700E3D7F4 /* Controllers */ = {
			isa = PBXGroup;
			children = (
				19B7C2BE20FD467800E3D7F4 /* ViewController.swift */,
				19B7C2D020FD475F00E3D7F4 /* LoginViewController.swift */,
				19DB5CB520FEB7AE007F64D2 /* CreateAccountViewController.swift */,
			);
			path = Controllers;
			sourceTree = "<group>";
		};
		9C3A9448CDEA2ABFCA473126 /* Frameworks */ = {
			isa = PBXGroup;
			children = (
				23957E5D10209F0AAEADAB92 /* Pods_hackathonProject.framework */,
			);
			name = Frameworks;
			sourceTree = "<group>";
		};
		A28FF291BCE9684CC0A78A0A /* Pods */ = {
			isa = PBXGroup;
			children = (
				1025882F5B799EAD65B73BDE /* Pods-hackathonProject.debug.xcconfig */,
				6E70AE9A2E2E6E699C4C62C5 /* Pods-hackathonProject.release.xcconfig */,
			);
			name = Pods;
			sourceTree = "<group>";
		};
/* End PBXGroup section */

/* Begin PBXNativeTarget section */
		19B7C2B820FD467800E3D7F4 /* hackathonProject */ = {
			isa = PBXNativeTarget;
			buildConfigurationList = 19B7C2CB20FD467C00E3D7F4 /* Build configuration list for PBXNativeTarget "hackathonProject" */;
			buildPhases = (
				6991C55E50613C6FAAB32A1D /* [CP] Check Pods Manifest.lock */,
				19B7C2B520FD467800E3D7F4 /* Sources */,
				19B7C2B620FD467800E3D7F4 /* Frameworks */,
				19B7C2B720FD467800E3D7F4 /* Resources */,
				07EACB98A2E9024CA8A31D64 /* [CP] Embed Pods Frameworks */,
				2D3B06B3F155568B3972482D /* [CP] Copy Pods Resources */,
			);
			buildRules = (
			);
			dependencies = (
			);
			name = hackathonProject;
			productName = hackathonProject;
			productReference = 19B7C2B920FD467800E3D7F4 /* hackathonProject.app */;
			productType = "com.apple.product-type.application";
		};
/* End PBXNativeTarget section */

/* Begin PBXProject section */
		19B7C2B120FD467800E3D7F4 /* Project object */ = {
			isa = PBXProject;
			attributes = {
				LastSwiftUpdateCheck = 0940;
				LastUpgradeCheck = 0940;
				TargetAttributes = {
					19B7C2B820FD467800E3D7F4 = {
						CreatedOnToolsVersion = 9.4.1;
					};
				};
			};
			buildConfigurationList = 19B7C2B420FD467800E3D7F4 /* Build configuration list for PBXProject "hackathonProject" */;
			compatibilityVersion = "Xcode 9.3";
			developmentRegion = en;
			hasScannedForEncodings = 0;
			knownRegions = (
				en,
				Base,
			);
			mainGroup = 19B7C2B020FD467800E3D7F4;
			productRefGroup = 19B7C2BA20FD467800E3D7F4 /* Products */;
			projectDirPath = "";
			projectRoot = "";
			targets = (
				19B7C2B820FD467800E3D7F4 /* hackathonProject */,
			);
		};
/* End PBXProject section */

/* Begin PBXResourcesBuildPhase section */
		19B7C2B720FD467800E3D7F4 /* Resources */ = {
			isa = PBXResourcesBuildPhase;
			buildActionMask = 2147483647;
			files = (
				19B7C2CF20FD46F900E3D7F4 /* Login.storyboard in Resources */,
				19B7C2C720FD467C00E3D7F4 /* LaunchScreen.storyboard in Resources */,
				19B7C2D320FE973B00E3D7F4 /* GoogleService-Info.plist in Resources */,
				19B7C2C420FD467C00E3D7F4 /* Assets.xcassets in Resources */,
				19B7C2C220FD467800E3D7F4 /* Main.storyboard in Resources */,
			);
			runOnlyForDeploymentPostprocessing = 0;
		};
/* End PBXResourcesBuildPhase section */

/* Begin PBXShellScriptBuildPhase section */
		07EACB98A2E9024CA8A31D64 /* [CP] Embed Pods Frameworks */ = {
			isa = PBXShellScriptBuildPhase;
			buildActionMask = 2147483647;
			files = (
			);
			inputPaths = (
				"${SRCROOT}/Pods/Target Support Files/Pods-hackathonProject/Pods-hackathonProject-frameworks.sh",
				"${BUILT_PRODUCTS_DIR}/GTMSessionFetcher/GTMSessionFetcher.framework",
				"${BUILT_PRODUCTS_DIR}/GoogleToolboxForMac/GoogleToolboxForMac.framework",
				"${BUILT_PRODUCTS_DIR}/leveldb-library/leveldb.framework",
				"${BUILT_PRODUCTS_DIR}/nanopb/nanopb.framework",
			);
			name = "[CP] Embed Pods Frameworks";
			outputPaths = (
				"${TARGET_BUILD_DIR}/${FRAMEWORKS_FOLDER_PATH}/GTMSessionFetcher.framework",
				"${TARGET_BUILD_DIR}/${FRAMEWORKS_FOLDER_PATH}/GoogleToolboxForMac.framework",
				"${TARGET_BUILD_DIR}/${FRAMEWORKS_FOLDER_PATH}/leveldb.framework",
				"${TARGET_BUILD_DIR}/${FRAMEWORKS_FOLDER_PATH}/nanopb.framework",
			);
			runOnlyForDeploymentPostprocessing = 0;
			shellPath = /bin/sh;
			shellScript = "\"${SRCROOT}/Pods/Target Support Files/Pods-hackathonProject/Pods-hackathonProject-frameworks.sh\"\n";
			showEnvVarsInLog = 0;
		};
		2D3B06B3F155568B3972482D /* [CP] Copy Pods Resources */ = {
			isa = PBXShellScriptBuildPhase;
			buildActionMask = 2147483647;
			files = (
			);
			inputPaths = (
				"${SRCROOT}/Pods/Target Support Files/Pods-hackathonProject/Pods-hackathonProject-resources.sh",
				"${PODS_CONFIGURATION_BUILD_DIR}/FirebaseUI/FirebaseAuthUI.bundle",
			);
			name = "[CP] Copy Pods Resources";
			outputPaths = (
				"${TARGET_BUILD_DIR}/${UNLOCALIZED_RESOURCES_FOLDER_PATH}/FirebaseAuthUI.bundle",
			);
			runOnlyForDeploymentPostprocessing = 0;
			shellPath = /bin/sh;
			shellScript = "\"${SRCROOT}/Pods/Target Support Files/Pods-hackathonProject/Pods-hackathonProject-resources.sh\"\n";
			showEnvVarsInLog = 0;
		};
		6991C55E50613C6FAAB32A1D /* [CP] Check Pods Manifest.lock */ = {
			isa = PBXShellScriptBuildPhase;
			buildActionMask = 2147483647;
			files = (
			);
			inputPaths = (
				"${PODS_PODFILE_DIR_PATH}/Podfile.lock",
				"${PODS_ROOT}/Manifest.lock",
			);
			name = "[CP] Check Pods Manifest.lock";
			outputPaths = (
				"$(DERIVED_FILE_DIR)/Pods-hackathonProject-checkManifestLockResult.txt",
			);
			runOnlyForDeploymentPostprocessing = 0;
			shellPath = /bin/sh;
			shellScript = "diff \"${PODS_PODFILE_DIR_PATH}/Podfile.lock\" \"${PODS_ROOT}/Manifest.lock\" > /dev/null\nif [ $? != 0 ] ; then\n    # print error to STDERR\n    echo \"error: The sandbox is not in sync with the Podfile.lock. Run 'pod install' or update your CocoaPods installation.\" >&2\n    exit 1\nfi\n# This output is used by Xcode 'outputs' to avoid re-running this script phase.\necho \"SUCCESS\" > \"${SCRIPT_OUTPUT_FILE_0}\"\n";
			showEnvVarsInLog = 0;
		};
/* End PBXShellScriptBuildPhase section */

/* Begin PBXSourcesBuildPhase section */
		19B7C2B520FD467800E3D7F4 /* Sources */ = {
			isa = PBXSourcesBuildPhase;
			buildActionMask = 2147483647;
			files = (
				19DB5CB620FEB7AE007F64D2 /* CreateAccountViewController.swift in Sources */,
				19B7C2D720FEA24000E3D7F4 /* User.swift in Sources */,
				19DB5CB820FFEDA6007F64D2 /* UserService.swift in Sources */,
				19B7C2D120FD475F00E3D7F4 /* LoginViewController.swift in Sources */,
				19B7C2BF20FD467800E3D7F4 /* ViewController.swift in Sources */,
				19B7C2BD20FD467800E3D7F4 /* AppDelegate.swift in Sources */,
			);
			runOnlyForDeploymentPostprocessing = 0;
		};
/* End PBXSourcesBuildPhase section */

/* Begin PBXVariantGroup section */
		19B7C2C020FD467800E3D7F4 /* Main.storyboard */ = {
			isa = PBXVariantGroup;
			children = (
				19B7C2C120FD467800E3D7F4 /* Base */,
			);
			name = Main.storyboard;
			sourceTree = "<group>";
		};
		19B7C2C520FD467C00E3D7F4 /* LaunchScreen.storyboard */ = {
			isa = PBXVariantGroup;
			children = (
				19B7C2C620FD467C00E3D7F4 /* Base */,
			);
			name = LaunchScreen.storyboard;
			sourceTree = "<group>";
		};
/* End PBXVariantGroup section */

/* Begin XCBuildConfiguration section */
		19B7C2C920FD467C00E3D7F4 /* Debug */ = {
			isa = XCBuildConfiguration;
			buildSettings = {
				ALWAYS_SEARCH_USER_PATHS = NO;
				CLANG_ANALYZER_NONNULL = YES;
				CLANG_ANALYZER_NUMBER_OBJECT_CONVERSION = YES_AGGRESSIVE;
				CLANG_CXX_LANGUAGE_STANDARD = "gnu++14";
				CLANG_CXX_LIBRARY = "libc++";
				CLANG_ENABLE_MODULES = YES;
				CLANG_ENABLE_OBJC_ARC = YES;
				CLANG_ENABLE_OBJC_WEAK = YES;
				CLANG_WARN_BLOCK_CAPTURE_AUTORELEASING = YES;
				CLANG_WARN_BOOL_CONVERSION = YES;
				CLANG_WARN_COMMA = YES;
				CLANG_WARN_CONSTANT_CONVERSION = YES;
				CLANG_WARN_DEPRECATED_OBJC_IMPLEMENTATIONS = YES;
				CLANG_WARN_DIRECT_OBJC_ISA_USAGE = YES_ERROR;
				CLANG_WARN_DOCUMENTATION_COMMENTS = YES;
				CLANG_WARN_EMPTY_BODY = YES;
				CLANG_WARN_ENUM_CONVERSION = YES;
				CLANG_WARN_INFINITE_RECURSION = YES;
				CLANG_WARN_INT_CONVERSION = YES;
				CLANG_WARN_NON_LITERAL_NULL_CONVERSION = YES;
				CLANG_WARN_OBJC_IMPLICIT_RETAIN_SELF = YES;
				CLANG_WARN_OBJC_LITERAL_CONVERSION = YES;
				CLANG_WARN_OBJC_ROOT_CLASS = YES_ERROR;
				CLANG_WARN_RANGE_LOOP_ANALYSIS = YES;
				CLANG_WARN_STRICT_PROTOTYPES = YES;
				CLANG_WARN_SUSPICIOUS_MOVE = YES;
				CLANG_WARN_UNGUARDED_AVAILABILITY = YES_AGGRESSIVE;
				CLANG_WARN_UNREACHABLE_CODE = YES;
				CLANG_WARN__DUPLICATE_METHOD_MATCH = YES;
				CODE_SIGN_IDENTITY = "iPhone Developer";
				COPY_PHASE_STRIP = NO;
				DEBUG_INFORMATION_FORMAT = dwarf;
				ENABLE_STRICT_OBJC_MSGSEND = YES;
				ENABLE_TESTABILITY = YES;
				GCC_C_LANGUAGE_STANDARD = gnu11;
				GCC_DYNAMIC_NO_PIC = NO;
				GCC_NO_COMMON_BLOCKS = YES;
				GCC_OPTIMIZATION_LEVEL = 0;
				GCC_PREPROCESSOR_DEFINITIONS = (
					"DEBUG=1",
					"$(inherited)",
				);
				GCC_WARN_64_TO_32_BIT_CONVERSION = YES;
				GCC_WARN_ABOUT_RETURN_TYPE = YES_ERROR;
				GCC_WARN_UNDECLARED_SELECTOR = YES;
				GCC_WARN_UNINITIALIZED_AUTOS = YES_AGGRESSIVE;
				GCC_WARN_UNUSED_FUNCTION = YES;
				GCC_WARN_UNUSED_VARIABLE = YES;
				IPHONEOS_DEPLOYMENT_TARGET = 11.4;
				MTL_ENABLE_DEBUG_INFO = YES;
				ONLY_ACTIVE_ARCH = YES;
				SDKROOT = iphoneos;
				SWIFT_ACTIVE_COMPILATION_CONDITIONS = DEBUG;
				SWIFT_OPTIMIZATION_LEVEL = "-Onone";
			};
			name = Debug;
		};
		19B7C2CA20FD467C00E3D7F4 /* Release */ = {
			isa = XCBuildConfiguration;
			buildSettings = {
				ALWAYS_SEARCH_USER_PATHS = NO;
				CLANG_ANALYZER_NONNULL = YES;
				CLANG_ANALYZER_NUMBER_OBJECT_CONVERSION = YES_AGGRESSIVE;
				CLANG_CXX_LANGUAGE_STANDARD = "gnu++14";
				CLANG_CXX_LIBRARY = "libc++";
				CLANG_ENABLE_MODULES = YES;
				CLANG_ENABLE_OBJC_ARC = YES;
				CLANG_ENABLE_OBJC_WEAK = YES;
				CLANG_WARN_BLOCK_CAPTURE_AUTORELEASING = YES;
				CLANG_WARN_BOOL_CONVERSION = YES;
				CLANG_WARN_COMMA = YES;
				CLANG_WARN_CONSTANT_CONVERSION = YES;
				CLANG_WARN_DEPRECATED_OBJC_IMPLEMENTATIONS = YES;
				CLANG_WARN_DIRECT_OBJC_ISA_USAGE = YES_ERROR;
				CLANG_WARN_DOCUMENTATION_COMMENTS = YES;
				CLANG_WARN_EMPTY_BODY = YES;
				CLANG_WARN_ENUM_CONVERSION = YES;
				CLANG_WARN_INFINITE_RECURSION = YES;
				CLANG_WARN_INT_CONVERSION = YES;
				CLANG_WARN_NON_LITERAL_NULL_CONVERSION = YES;
				CLANG_WARN_OBJC_IMPLICIT_RETAIN_SELF = YES;
				CLANG_WARN_OBJC_LITERAL_CONVERSION = YES;
				CLANG_WARN_OBJC_ROOT_CLASS = YES_ERROR;
				CLANG_WARN_RANGE_LOOP_ANALYSIS = YES;
				CLANG_WARN_STRICT_PROTOTYPES = YES;
				CLANG_WARN_SUSPICIOUS_MOVE = YES;
				CLANG_WARN_UNGUARDED_AVAILABILITY = YES_AGGRESSIVE;
				CLANG_WARN_UNREACHABLE_CODE = YES;
				CLANG_WARN__DUPLICATE_METHOD_MATCH = YES;
				CODE_SIGN_IDENTITY = "iPhone Developer";
				COPY_PHASE_STRIP = NO;
				DEBUG_INFORMATION_FORMAT = "dwarf-with-dsym";
				ENABLE_NS_ASSERTIONS = NO;
				ENABLE_STRICT_OBJC_MSGSEND = YES;
				GCC_C_LANGUAGE_STANDARD = gnu11;
				GCC_NO_COMMON_BLOCKS = YES;
				GCC_WARN_64_TO_32_BIT_CONVERSION = YES;
				GCC_WARN_ABOUT_RETURN_TYPE = YES_ERROR;
				GCC_WARN_UNDECLARED_SELECTOR = YES;
				GCC_WARN_UNINITIALIZED_AUTOS = YES_AGGRESSIVE;
				GCC_WARN_UNUSED_FUNCTION = YES;
				GCC_WARN_UNUSED_VARIABLE = YES;
				IPHONEOS_DEPLOYMENT_TARGET = 11.4;
				MTL_ENABLE_DEBUG_INFO = NO;
				SDKROOT = iphoneos;
				SWIFT_COMPILATION_MODE = wholemodule;
				SWIFT_OPTIMIZATION_LEVEL = "-O";
				VALIDATE_PRODUCT = YES;
			};
			name = Release;
		};
		19B7C2CC20FD467C00E3D7F4 /* Debug */ = {
			isa = XCBuildConfiguration;
			baseConfigurationReference = 1025882F5B799EAD65B73BDE /* Pods-hackathonProject.debug.xcconfig */;
			buildSettings = {
				ASSETCATALOG_COMPILER_APPICON_NAME = AppIcon;
				CODE_SIGN_STYLE = Automatic;
				INFOPLIST_FILE = hackathonProject/Info.plist;
				LD_RUNPATH_SEARCH_PATHS = (
					"$(inherited)",
					"@executable_path/Frameworks",
				);
				PRODUCT_BUNDLE_IDENTIFIER = com.sarahbloom.hackathonProject;
				PRODUCT_NAME = "$(TARGET_NAME)";
				SWIFT_VERSION = 4.0;
				TARGETED_DEVICE_FAMILY = "1,2";
			};
			name = Debug;
		};
		19B7C2CD20FD467C00E3D7F4 /* Release */ = {
			isa = XCBuildConfiguration;
			baseConfigurationReference = 6E70AE9A2E2E6E699C4C62C5 /* Pods-hackathonProject.release.xcconfig */;
			buildSettings = {
				ASSETCATALOG_COMPILER_APPICON_NAME = AppIcon;
				CODE_SIGN_STYLE = Automatic;
				INFOPLIST_FILE = hackathonProject/Info.plist;
				LD_RUNPATH_SEARCH_PATHS = (
					"$(inherited)",
					"@executable_path/Frameworks",
				);
				PRODUCT_BUNDLE_IDENTIFIER = com.sarahbloom.hackathonProject;
				PRODUCT_NAME = "$(TARGET_NAME)";
				SWIFT_VERSION = 4.0;
				TARGETED_DEVICE_FAMILY = "1,2";
			};
			name = Release;
		};
/* End XCBuildConfiguration section */

/* Begin XCConfigurationList section */
		19B7C2B420FD467800E3D7F4 /* Build configuration list for PBXProject "hackathonProject" */ = {
			isa = XCConfigurationList;
			buildConfigurations = (
				19B7C2C920FD467C00E3D7F4 /* Debug */,
				19B7C2CA20FD467C00E3D7F4 /* Release */,
			);
			defaultConfigurationIsVisible = 0;
			defaultConfigurationName = Release;
		};
		19B7C2CB20FD467C00E3D7F4 /* Build configuration list for PBXNativeTarget "hackathonProject" */ = {
			isa = XCConfigurationList;
			buildConfigurations = (
				19B7C2CC20FD467C00E3D7F4 /* Debug */,
				19B7C2CD20FD467C00E3D7F4 /* Release */,
			);
			defaultConfigurationIsVisible = 0;
			defaultConfigurationName = Release;
		};
/* End XCConfigurationList section */
	};
	rootObject = 19B7C2B120FD467800E3D7F4 /* Project object */;
}
